
Microsoft Visual Studio Solution File, Format Version 12.00
# Visual Studio Version 16
VisualStudioVersion = 16.0.31321.278
MinimumVisualStudioVersion = 10.0.40219.1
Project("{FAE04EC0-301F-11D3-BF4B-00C04F79EFBC}") = "WebAPI", "WebAPI\WebAPI.csproj", "{7A32AFF8-347C-4495-809A-6A3582A1997E}"
EndProject
Project("{FAE04EC0-301F-11D3-BF4B-00C04F79EFBC}") = "Productos.DAL", "Productos.DAL\Productos.DAL.csproj", "{537CF07A-32D8-4D02-AC08-15C0E957CD2A}"
EndProject
Project("{FAE04EC0-301F-11D3-BF4B-00C04F79EFBC}") = "Productos.Entities", "Productos.Entities\Productos.Entities.csproj", "{57C2C608-4668-4DC7-86BD-8CC7F8D6AB30}"
EndProject
Global
	GlobalSection(SolutionConfigurationPlatforms) = preSolution
		Debug|Any CPU = Debug|Any CPU
		Release|Any CPU = Release|Any CPU
	EndGlobalSection
	GlobalSection(ProjectConfigurationPlatforms) = postSolution
		{7A32AFF8-347C-4495-809A-6A3582A1997E}.Debug|Any CPU.ActiveCfg = Debug|Any CPU
		{7A32AFF8-347C-4495-809A-6A3582A1997E}.Debug|Any CPU.Build.0 = Debug|Any CPU
		{7A32AFF8-347C-4495-809A-6A3582A1997E}.Release|Any CPU.ActiveCfg = Release|Any CPU
		{7A32AFF8-347C-4495-809A-6A3582A1997E}.Release|Any CPU.Build.0 = Release|Any CPU
		{537CF07A-32D8-4D02-AC08-15C0E957CD2A}.Debug|Any CPU.ActiveCfg = Debug|Any CPU
		{537CF07A-32D8-4D02-AC08-15C0E957CD2A}.Debug|Any CPU.Build.0 = Debug|Any CPU
		{537CF07A-32D8-4D02-AC08-15C0E957CD2A}.Release|Any CPU.ActiveCfg = Release|Any CPU
		{537CF07A-32D8-4D02-AC08-15C0E957CD2A}.Release|Any CPU.Build.0 = Release|Any CPU
		{57C2C608-4668-4DC7-86BD-8CC7F8D6AB30}.Debug|Any CPU.ActiveCfg = Debug|Any CPU
		{57C2C608-4668-4DC7-86BD-8CC7F8D6AB30}.Debug|Any CPU.Build.0 = Debug|Any CPU
		{57C2C608-4668-4DC7-86BD-8CC7F8D6AB30}.Release|Any CPU.ActiveCfg = Release|Any CPU
		{57C2C608-4668-4DC7-86BD-8CC7F8D6AB30}.Release|Any CPU.Build.0 = Release|Any CPU
	EndGlobalSection
	GlobalSection(SolutionProperties) = preSolution
		HideSolutionNode = FALSE
	EndGlobalSection
	GlobalSection(ExtensibilityGlobals) = postSolution
		SolutionGuid = {F7929F17-A53C-48B7-910E-0CB9B56E2FA5}
	EndGlobalSection
EndGlobal
